{
  "name": "zak-cli",
  "version": "0.1.1",
  "lockfileVersion": 3,
  "requires": true,
  "packages": {
    "": {
      "name": "zak-cli",
      "version": "0.1.1",
      "license": "MIT",
      "bin": {
        "zak": "scripts/zak.cjs"
      },
      "engines": {
        "node": ">=26.11.1"
      }
    }
  }
}
